
Microsoft Visual Studio Solution File, Format Version 10.00
# Visual C++ Express 2008
Project("{8BC9CEB8-8B4A-11D0-8D11-00A0C91BC942}") = "Religion", "Religion.vcproj", "{EBA836F4-2A3B-4E4B-930B-2F9C24F0FFCA}"
EndProject
Global
	GlobalSection(SolutionConfigurationPlatforms) = preSolution
		Debug|Win32 = Debug|Win32
		Release|Win32 = Release|Win32
	EndGlobalSection
	GlobalSection(ProjectConfigurationPlatforms) = postSolution
		{EBA836F4-2A3B-4E4B-930B-2F9C24F0FFCA}.Debug|Win32.ActiveCfg = Debug|Win32
		{EBA836F4-2A3B-4E4B-930B-2F9C24F0FFCA}.Debug|Win32.Build.0 = Debug|Win32
		{EBA836F4-2A3B-4E4B-930B-2F9C24F0FFCA}.Release|Win32.ActiveCfg = Release|Win32
		{EBA836F4-2A3B-4E4B-930B-2F9C24F0FFCA}.Release|Win32.Build.0 = Release|Win32
	EndGlobalSection
	GlobalSection(SolutionProperties) = preSolution
		HideSolutionNode = FALSE
	EndGlobalSection
EndGlobal
