<?xml version="1.0" encoding="utf-8"?>
<Project ToolsVersion="4.0" xmlns="http://schemas.microsoft.com/developer/msbuild/2003">
  <ItemGroup>
    <Filter Include="ソース ファイル">
      <UniqueIdentifier>{4FC737F1-C7A5-4376-A066-2A32D752A2FF}</UniqueIdentifier>
      <Extensions>cpp;c;cc;cxx;def;odl;idl;hpj;bat;asm;asmx</Extensions>
    </Filter>
    <Filter Include="ソース ファイル\Class">
      <UniqueIdentifier>{e69fb2f9-fd45-4d21-811c-b7dff4e38657}</UniqueIdentifier>
    </Filter>
    <Filter Include="ヘッダー ファイル">
      <UniqueIdentifier>{93995380-89BD-4b04-88EB-625FBE52EBFB}</UniqueIdentifier>
      <Extensions>h;hpp;hxx;hm;inl;inc;xsd</Extensions>
    </Filter>
    <Filter Include="ヘッダー ファイル\Class">
      <UniqueIdentifier>{22f706ee-1aa7-4638-94b6-ea292f76b56a}</UniqueIdentifier>
    </Filter>
    <Filter Include="リソース ファイル">
      <UniqueIdentifier>{67DA6AB6-F800-4c08-8B7A-83BB121AAD01}</UniqueIdentifier>
      <Extensions>rc;ico;cur;bmp;dlg;rc2;rct;bin;rgs;gif;jpg;jpeg;jpe;resx;tiff;tif;png;wav</Extensions>
    </Filter>
    <Filter Include="ソース ファイル\Class\Menu">
      <UniqueIdentifier>{acd276f9-900c-413b-befb-636db27c03cc}</UniqueIdentifier>
    </Filter>
    <Filter Include="ヘッダー ファイル\Class\Menu">
      <UniqueIdentifier>{ac43ecdf-0d31-4c74-beb4-47bb9de8ec07}</UniqueIdentifier>
    </Filter>
    <Filter Include="ソース ファイル\Class\Operation">
      <UniqueIdentifier>{eba2b9a9-683d-451b-99ac-39422d3fb4f4}</UniqueIdentifier>
    </Filter>
    <Filter Include="ソース ファイル\Class\Operation\Mission_function">
      <UniqueIdentifier>{0c0c5c10-0721-42b6-bb84-26f4b6d6f9b7}</UniqueIdentifier>
    </Filter>
    <Filter Include="ソース ファイル\Class\Enemy">
      <UniqueIdentifier>{4de36187-6851-4103-991a-0c34710a8deb}</UniqueIdentifier>
    </Filter>
    <Filter Include="ソース ファイル\Class\Stage">
      <UniqueIdentifier>{91786f77-f501-402d-816d-dc54bc611ee9}</UniqueIdentifier>
    </Filter>
    <Filter Include="ソース ファイル\Class\Stage\Stage_function">
      <UniqueIdentifier>{0ccd3f5a-a9e5-40ad-9dc9-0ac845aabb7d}</UniqueIdentifier>
    </Filter>
    <Filter Include="ヘッダー ファイル\Class\Creature">
      <UniqueIdentifier>{b98527a0-31c3-4c1f-8f02-63c851999fba}</UniqueIdentifier>
    </Filter>
    <Filter Include="ソース ファイル\Class\Creature">
      <UniqueIdentifier>{d5aea26c-861f-4826-b3f2-7f058f70da9a}</UniqueIdentifier>
    </Filter>
    <Filter Include="ソース ファイル\Class\Creature\Soldier">
      <UniqueIdentifier>{62c89ed6-b6f8-4cec-9191-c563c2735e06}</UniqueIdentifier>
    </Filter>
    <Filter Include="ソース ファイル\Class\Creature\People">
      <UniqueIdentifier>{0b8f23ed-ad2e-4d3a-9c25-546df39c3166}</UniqueIdentifier>
    </Filter>
    <Filter Include="ソース ファイル\Class\Creature\PlayerChara">
      <UniqueIdentifier>{5e0ebcaa-729f-48df-af02-30e791846d30}</UniqueIdentifier>
    </Filter>
    <Filter Include="ソース ファイル\Class\Menu\citem_manipulate">
      <UniqueIdentifier>{c20fc441-b611-466e-b92d-86eae954f148}</UniqueIdentifier>
    </Filter>
    <Filter Include="ソース ファイル\Ask">
      <UniqueIdentifier>{6dce1d93-5f17-415a-a92a-ee602f2fb0e7}</UniqueIdentifier>
    </Filter>
    <Filter Include="ヘッダー ファイル\Class\Ask">
      <UniqueIdentifier>{0f1aca27-27aa-45eb-92e2-490be2abdf8a}</UniqueIdentifier>
    </Filter>
    <Filter Include="ソース ファイル\Class\Batch_Render">
      <UniqueIdentifier>{0766f3d6-ca2b-45a5-8689-7ae332cad5df}</UniqueIdentifier>
    </Filter>
    <Filter Include="ソース ファイル\Class\Batch_Render\WhileGame">
      <UniqueIdentifier>{bfabd148-c8b4-4c9f-8cd3-e4c3ca82e4fa}</UniqueIdentifier>
    </Filter>
    <Filter Include="ソース ファイル\Class\Batch_Render\NotWhileGame">
      <UniqueIdentifier>{5354be14-1431-49cb-ab3d-2c0ffc02f121}</UniqueIdentifier>
    </Filter>
    <Filter Include="ソース ファイル\Class\Creature\Creature">
      <UniqueIdentifier>{f26a2f35-92de-4d94-93bd-953bdd55ce7d}</UniqueIdentifier>
    </Filter>
    <Filter Include="ヘッダー ファイル\Class\Weapon">
      <UniqueIdentifier>{456014bf-79e7-44cc-b3c2-cb902dc35cb6}</UniqueIdentifier>
    </Filter>
    <Filter Include="ソース ファイル\Class\Creature\PlayerChara\While_Game">
      <UniqueIdentifier>{7ea1e913-babd-482d-b70c-a0f99a899843}</UniqueIdentifier>
    </Filter>
    <Filter Include="ソース ファイル\Class\Creature\PlayerChara\Not_While_Game">
      <UniqueIdentifier>{0e6d3823-9868-4162-8299-adc30cd3d4d0}</UniqueIdentifier>
    </Filter>
    <Filter Include="ソース ファイル\Class\Weapon">
      <UniqueIdentifier>{d2d7a53a-c94b-47be-980a-3d93100424ed}</UniqueIdentifier>
    </Filter>
    <Filter Include="ソース ファイル\Class\Weapon\Support">
      <UniqueIdentifier>{7efeb67b-ac73-4b88-8141-8898f7d240f5}</UniqueIdentifier>
    </Filter>
    <Filter Include="ソース ファイル\Class\Weapon\Gun">
      <UniqueIdentifier>{40ed3c18-4e91-47bc-974e-48a089b69f58}</UniqueIdentifier>
    </Filter>
    <Filter Include="ソース ファイル\Class\Weapon\Gun\Load">
      <UniqueIdentifier>{6a33204d-e041-492e-9bde-79b0e4a52443}</UniqueIdentifier>
    </Filter>
    <Filter Include="ソース ファイル\Class\Weapon\Head">
      <UniqueIdentifier>{7027c6e6-28a1-493f-a68f-37687cde4b0c}</UniqueIdentifier>
    </Filter>
    <Filter Include="ソース ファイル\Class\Menu2">
      <UniqueIdentifier>{57001331-b889-429a-8d78-1eb1fc93a430}</UniqueIdentifier>
    </Filter>
    <Filter Include="ヘッダー ファイル\Class\Menu2">
      <UniqueIdentifier>{7a238966-e407-43f6-9aa8-3e6b3928ee97}</UniqueIdentifier>
    </Filter>
    <Filter Include="ソース ファイル\Class\Menu2\Foundation">
      <UniqueIdentifier>{f596c80a-5a42-4ab5-ad70-c1f7c2d59a18}</UniqueIdentifier>
    </Filter>
  </ItemGroup>
  <ItemGroup>
    <ClCompile Include="gamecore.cpp">
      <Filter>ソース ファイル</Filter>
    </ClCompile>
    <ClCompile Include="winmain.cpp">
      <Filter>ソース ファイル</Filter>
    </ClCompile>
    <ClCompile Include="ccamera.cpp">
      <Filter>ソース ファイル\Class</Filter>
    </ClCompile>
    <ClCompile Include="csys.cpp">
      <Filter>ソース ファイル\Class</Filter>
    </ClCompile>
    <ClCompile Include="cnetplay.cpp">
      <Filter>ソース ファイル\Class</Filter>
    </ClCompile>
    <ClCompile Include="copsmenu.cpp">
      <Filter>ソース ファイル\Class\Menu</Filter>
    </ClCompile>
    <ClCompile Include="cfirstmenu.cpp">
      <Filter>ソース ファイル\Class\Menu</Filter>
    </ClCompile>
    <ClCompile Include="citem.cpp">
      <Filter>ソース ファイル\Class</Filter>
    </ClCompile>
    <ClCompile Include="cOperation.cpp">
      <Filter>ソース ファイル\Class\Operation</Filter>
    </ClCompile>
    <ClCompile Include="cOpsmission1_Shinryoku.cpp">
      <Filter>ソース ファイル\Class\Operation\Mission_function</Filter>
    </ClCompile>
    <ClCompile Include="cenemy.cpp">
      <Filter>ソース ファイル\Class\Enemy</Filter>
    </ClCompile>
    <ClCompile Include="cstage.cpp">
      <Filter>ソース ファイル\Class\Stage</Filter>
    </ClCompile>
    <ClCompile Include="cStg_Tronp.cpp">
      <Filter>ソース ファイル\Class\Stage\Stage_function</Filter>
    </ClCompile>
    <ClCompile Include="cStg_IRoby.cpp">
      <Filter>ソース ファイル\Class\Stage\Stage_function</Filter>
    </ClCompile>
    <ClCompile Include="cStg_Retolis.cpp">
      <Filter>ソース ファイル\Class\Stage\Stage_function</Filter>
    </ClCompile>
    <ClCompile Include="cStg_Mall.cpp">
      <Filter>ソース ファイル\Class\Stage\Stage_function</Filter>
    </ClCompile>
    <ClCompile Include="cStg_Forest.cpp">
      <Filter>ソース ファイル\Class\Stage\Stage_function</Filter>
    </ClCompile>
    <ClCompile Include="cStg_Kamigaichi.cpp">
      <Filter>ソース ファイル\Class\Stage\Stage_function</Filter>
    </ClCompile>
    <ClCompile Include="cStg_BaseFront.cpp">
      <Filter>ソース ファイル\Class\Stage\Stage_function</Filter>
    </ClCompile>
    <ClCompile Include="cNaviRail.cpp">
      <Filter>ソース ファイル\Class</Filter>
    </ClCompile>
    <ClCompile Include="csoldier.cpp">
      <Filter>ソース ファイル\Class\Creature\Soldier</Filter>
    </ClCompile>
    <ClCompile Include="cpeople.cpp">
      <Filter>ソース ファイル\Class\Creature\People</Filter>
    </ClCompile>
    <ClCompile Include="csoldier_assist.cpp">
      <Filter>ソース ファイル\Class\Creature\Soldier</Filter>
    </ClCompile>
    <ClCompile Include="cpeople_assist.cpp">
      <Filter>ソース ファイル\Class\Creature\People</Filter>
    </ClCompile>
    <ClCompile Include="c_optionmenu.cpp">
      <Filter>ソース ファイル\Class\Menu</Filter>
    </ClCompile>
    <ClCompile Include="citem_manipulate1.cpp">
      <Filter>ソース ファイル\Class\Menu\citem_manipulate</Filter>
    </ClCompile>
    <ClCompile Include="citem_manipulate2.cpp">
      <Filter>ソース ファイル\Class\Menu\citem_manipulate</Filter>
    </ClCompile>
    <ClCompile Include="ask.cpp">
      <Filter>ソース ファイル\Ask</Filter>
    </ClCompile>
    <ClCompile Include="c_batch_render_assist.cpp">
      <Filter>ソース ファイル\Class\Batch_Render</Filter>
    </ClCompile>
    <ClCompile Include="c_batch_render_sprite.cpp">
      <Filter>ソース ファイル\Class\Batch_Render\WhileGame</Filter>
    </ClCompile>
    <ClCompile Include="c_batch_render.cpp">
      <Filter>ソース ファイル\Class\Batch_Render</Filter>
    </ClCompile>
    <ClCompile Include="c_batch_render_redsys.cpp">
      <Filter>ソース ファイル\Class\Batch_Render\WhileGame</Filter>
    </ClCompile>
    <ClCompile Include="c_batch_render_adjust.cpp">
      <Filter>ソース ファイル\Class\Batch_Render\WhileGame</Filter>
    </ClCompile>
    <ClCompile Include="c_batch_render_font.cpp">
      <Filter>ソース ファイル\Class\Batch_Render\WhileGame</Filter>
    </ClCompile>
    <ClCompile Include="c_batch_render_effect.cpp">
      <Filter>ソース ファイル\Class\Batch_Render\NotWhileGame</Filter>
    </ClCompile>
    <ClCompile Include="cCreature.cpp">
      <Filter>ソース ファイル\Class\Creature\Creature</Filter>
    </ClCompile>
    <ClCompile Include="ccreature_assist.cpp">
      <Filter>ソース ファイル\Class\Creature\Creature</Filter>
    </ClCompile>
    <ClCompile Include="cPlayChara.cpp">
      <Filter>ソース ファイル\Class\Creature\PlayerChara</Filter>
    </ClCompile>
    <ClCompile Include="cPlayChara_Direction.cpp">
      <Filter>ソース ファイル\Class\Creature\PlayerChara\While_Game</Filter>
    </ClCompile>
    <ClCompile Include="cPlayChara2_Common.cpp">
      <Filter>ソース ファイル\Class\Creature\PlayerChara\While_Game</Filter>
    </ClCompile>
    <ClCompile Include="Load_Support.cpp">
      <Filter>ソース ファイル\Class\Weapon\Support</Filter>
    </ClCompile>
    <ClCompile Include="cweapon_assist.cpp">
      <Filter>ソース ファイル\Class\Weapon</Filter>
    </ClCompile>
    <ClCompile Include="Load_Rifle.cpp">
      <Filter>ソース ファイル\Class\Weapon\Gun\Load</Filter>
    </ClCompile>
    <ClCompile Include="Load_Assault.cpp">
      <Filter>ソース ファイル\Class\Weapon\Gun\Load</Filter>
    </ClCompile>
    <ClCompile Include="Load_Grenade.cpp">
      <Filter>ソース ファイル\Class\Weapon\Gun\Load</Filter>
    </ClCompile>
    <ClCompile Include="Load_HandGun.cpp">
      <Filter>ソース ファイル\Class\Weapon\Gun\Load</Filter>
    </ClCompile>
    <ClCompile Include="Load_MachineGun.cpp">
      <Filter>ソース ファイル\Class\Weapon\Gun\Load</Filter>
    </ClCompile>
    <ClCompile Include="Load_ShotGun.cpp">
      <Filter>ソース ファイル\Class\Weapon\Gun\Load</Filter>
    </ClCompile>
    <ClCompile Include="Load_SMG.cpp">
      <Filter>ソース ファイル\Class\Weapon\Gun\Load</Filter>
    </ClCompile>
    <ClCompile Include="cWeapon_Load.cpp">
      <Filter>ソース ファイル\Class\Weapon\Gun</Filter>
    </ClCompile>
    <ClCompile Include="cWeapon_Gun.cpp">
      <Filter>ソース ファイル\Class\Weapon\Gun</Filter>
    </ClCompile>
    <ClCompile Include="cWeapon_Support.cpp">
      <Filter>ソース ファイル\Class\Weapon\Support</Filter>
    </ClCompile>
    <ClCompile Include="cWeapon.cpp">
      <Filter>ソース ファイル\Class\Weapon</Filter>
    </ClCompile>
    <ClCompile Include="cWeapon_Head.cpp">
      <Filter>ソース ファイル\Class\Weapon\Head</Filter>
    </ClCompile>
    <ClCompile Include="cWeapon_Gun_assist.cpp">
      <Filter>ソース ファイル\Class\Weapon\Gun</Filter>
    </ClCompile>
    <ClCompile Include="cMenu2.cpp">
      <Filter>ソース ファイル\Class\Menu2\Foundation</Filter>
    </ClCompile>
    <ClCompile Include="cPoseMEnu.cpp">
      <Filter>ソース ファイル\Class\Menu</Filter>
    </ClCompile>
    <ClCompile Include="c_Batch_Render_SpriteAssist.cpp">
      <Filter>ソース ファイル\Class\Batch_Render</Filter>
    </ClCompile>
  </ItemGroup>
  <ItemGroup>
    <ClInclude Include="c_batch_preparat.h">
      <Filter>ヘッダー ファイル\Class</Filter>
    </ClInclude>
    <ClInclude Include="ccamera.h">
      <Filter>ヘッダー ファイル\Class</Filter>
    </ClInclude>
    <ClInclude Include="cenemy.h">
      <Filter>ヘッダー ファイル\Class</Filter>
    </ClInclude>
    <ClInclude Include="citem_manipulate.h">
      <Filter>ヘッダー ファイル\Class</Filter>
    </ClInclude>
    <ClInclude Include="cstage.h">
      <Filter>ヘッダー ファイル\Class</Filter>
    </ClInclude>
    <ClInclude Include="csys.h">
      <Filter>ヘッダー ファイル\Class</Filter>
    </ClInclude>
    <ClInclude Include="cnetplay.h">
      <Filter>ヘッダー ファイル\Class</Filter>
    </ClInclude>
    <ClInclude Include="copsmenu.h">
      <Filter>ヘッダー ファイル\Class\Menu</Filter>
    </ClInclude>
    <ClInclude Include="cfirstmenu.h">
      <Filter>ヘッダー ファイル\Class\Menu</Filter>
    </ClInclude>
    <ClInclude Include="citem.h">
      <Filter>ヘッダー ファイル\Class</Filter>
    </ClInclude>
    <ClInclude Include="coperation.h">
      <Filter>ヘッダー ファイル\Class</Filter>
    </ClInclude>
    <ClInclude Include="clive.h">
      <Filter>ヘッダー ファイル\Class\Creature</Filter>
    </ClInclude>
    <ClInclude Include="ccreature.h">
      <Filter>ヘッダー ファイル\Class\Creature</Filter>
    </ClInclude>
    <ClInclude Include="cpeople.h">
      <Filter>ヘッダー ファイル\Class\Creature</Filter>
    </ClInclude>
    <ClInclude Include="csoldier.h">
      <Filter>ヘッダー ファイル\Class\Creature</Filter>
    </ClInclude>
    <ClInclude Include="cnavirail.h">
      <Filter>ヘッダー ファイル\Class</Filter>
    </ClInclude>
    <ClInclude Include="c_optionmenu.h">
      <Filter>ヘッダー ファイル\Class\Menu</Filter>
    </ClInclude>
    <ClInclude Include="Ask.h">
      <Filter>ヘッダー ファイル\Class\Ask</Filter>
    </ClInclude>
    <ClInclude Include="cweapon.h">
      <Filter>ヘッダー ファイル\Class\Weapon</Filter>
    </ClInclude>
    <ClInclude Include="cWeapon_head.h">
      <Filter>ヘッダー ファイル\Class\Weapon</Filter>
    </ClInclude>
    <ClInclude Include="cWeapon_Support.h">
      <Filter>ヘッダー ファイル\Class\Weapon</Filter>
    </ClInclude>
    <ClInclude Include="cWeapon_Gun.h">
      <Filter>ヘッダー ファイル\Class\Weapon</Filter>
    </ClInclude>
    <ClInclude Include="cPoseMenu.h">
      <Filter>ヘッダー ファイル\Class\Menu</Filter>
    </ClInclude>
    <ClInclude Include="cMenu.h">
      <Filter>ヘッダー ファイル\Class\Menu2</Filter>
    </ClInclude>
  </ItemGroup>
  <ItemGroup>
    <None Include="..\Debug\data\img\sys\icon.ico">
      <Filter>リソース ファイル</Filter>
    </None>
  </ItemGroup>
  <ItemGroup>
    <ResourceCompile Include="Resource.rc">
      <Filter>リソース ファイル</Filter>
    </ResourceCompile>
  </ItemGroup>
</Project>